// !$*UTF8*$!
{
	archiveVersion = 1;
	classes = {
	};
	objectVersion = 56;
	objects = {

/* Begin PBXBuildFile section */
		C0F1000000000000000000A1 /* FixtureApp.swift in Sources */ = {isa = PBXBuildFile; fileRef = C0F1000000000000000000B1 /* FixtureApp.swift */; };
		C0F1000000000000000000A2 /* Python.xcframework in Frameworks */ = {isa = PBXBuildFile; fileRef = C0F1000000000000000000B2 /* Python.xcframework */; };
		C0F1000000000000000000A3 /* Python.xcframework in Embed Frameworks */ = {isa = PBXBuildFile; fileRef = C0F1000000000000000000B2 /* Python.xcframework */; settings = {ATTRIBUTES = (CodeSignOnCopy, RemoveHeadersOnCopy, ); }; };
/* End PBXBuildFile section */

/* Begin PBXCopyFilesBuildPhase section */
		C0F1000000000000000000C5 /* Embed Frameworks */ = {
			isa = PBXCopyFilesBuildPhase;
			buildActionMask = 2147483647;
			dstPath = "";
			dstSubfolderSpec = 10;
			files = (
				C0F1000000000000000000A3 /* Python.xcframework in Embed Frameworks */,
			);
			name = "Embed Frameworks";
			runOnlyForDeploymentPostprocessing = 0;
		};
/* End PBXCopyFilesBuildPhase section */

/* Begin PBXFileReference section */
		C0F1000000000000000000B0 /* ConsumerFixture.app */ = {isa = PBXFileReference; explicitFileType = wrapper.application; includeInIndex = 0; path = ConsumerFixture.app; sourceTree = BUILT_PRODUCTS_DIR; };
		C0F1000000000000000000B1 /* FixtureApp.swift */ = {isa = PBXFileReference; lastKnownFileType = sourcecode.swift; path = FixtureApp.swift; sourceTree = "<group>"; };
		C0F1000000000000000000B2 /* Python.xcframework */ = {isa = PBXFileReference; lastKnownFileType = wrapper.xcframework; name = Python.xcframework; path = "../app/build/xcode-frameworks/Python.xcframework"; sourceTree = "<group>"; };
		C0F1000000000000000000B3 /* Info.plist */ = {isa = PBXFileReference; lastKnownFileType = text.plist.xml; path = Info.plist; sourceTree = "<group>"; };
/* End PBXFileReference section */

/* Begin PBXFrameworksBuildPhase section */
		C0F1000000000000000000C3 /* Frameworks */ = {
			isa = PBXFrameworksBuildPhase;
			buildActionMask = 2147483647;
			files = (
				C0F1000000000000000000A2 /* Python.xcframework in Frameworks */,
			);
			runOnlyForDeploymentPostprocessing = 0;
		};
/* End PBXFrameworksBuildPhase section */

/* Begin PBXGroup section */
		C0F1000000000000000000D0 = {
			isa = PBXGroup;
			children = (
				C0F1000000000000000000D1 /* iosApp */,
				C0F1000000000000000000D2 /* Products */,
				C0F1000000000000000000D3 /* Frameworks */,
			);
			sourceTree = "<group>";
		};
		C0F1000000000000000000D1 /* iosApp */ = {
			isa = PBXGroup;
			children = (
				C0F1000000000000000000B1 /* FixtureApp.swift */,
				C0F1000000000000000000B3 /* Info.plist */,
			);
			path = iosApp;
			sourceTree = "<group>";
		};
		C0F1000000000000000000D2 /* Products */ = {
			isa = PBXGroup;
			children = (
				C0F1000000000000000000B0 /* ConsumerFixture.app */,
			);
			name = Products;
			sourceTree = "<group>";
		};
		C0F1000000000000000000D3 /* Frameworks */ = {
			isa = PBXGroup;
			children = (
				C0F1000000000000000000B2 /* Python.xcframework */,
			);
			name = Frameworks;
			sourceTree = "<group>";
		};
/* End PBXGroup section */

/* Begin PBXNativeTarget section */
		C0F1000000000000000000E0 /* iosApp */ = {
			isa = PBXNativeTarget;
			buildConfigurationList = C0F1000000000000000000F2 /* Build configuration list for PBXNativeTarget "iosApp" */;
			buildPhases = (
				C0F1000000000000000000C1 /* Compile Kotlin Framework */,
				C0F1000000000000000000C2 /* Sources */,
				C0F1000000000000000000C3 /* Frameworks */,
				C0F1000000000000000000C6 /* Resources */,
				C0F1000000000000000000C4 /* Install Python Standard Library and Payload */,
				C0F1000000000000000000C5 /* Embed Frameworks */,
			);
			buildRules = (
			);
			dependencies = (
			);
			name = iosApp;
			productName = iosApp;
			productReference = C0F1000000000000000000B0 /* ConsumerFixture.app */;
			productType = "com.apple.product-type.application";
		};
/* End PBXNativeTarget section */

/* Begin PBXProject section */
		C0F1000000000000000000E1 /* Project object */ = {
			isa = PBXProject;
			attributes = {
				BuildIndependentTargetsInParallel = YES;
				LastSwiftUpdateCheck = 1600;
				LastUpgradeCheck = 1600;
			};
			buildConfigurationList = C0F1000000000000000000F1 /* Build configuration list for PBXProject "iosApp" */;
			compatibilityVersion = "Xcode 14.0";
			developmentRegion = en;
			hasScannedForEncodings = 0;
			knownRegions = (
				en,
				Base,
			);
			mainGroup = C0F1000000000000000000D0;
			productRefGroup = C0F1000000000000000000D2 /* Products */;
			projectDirPath = "";
			projectRoot = "";
			targets = (
				C0F1000000000000000000E0 /* iosApp */,
			);
		};
/* End PBXProject section */

/* Begin PBXResourcesBuildPhase section */
		C0F1000000000000000000C6 /* Resources */ = {
			isa = PBXResourcesBuildPhase;
			buildActionMask = 2147483647;
			files = (
			);
			runOnlyForDeploymentPostprocessing = 0;
		};
/* End PBXResourcesBuildPhase section */

/* Begin PBXShellScriptBuildPhase section */
		C0F1000000000000000000C1 /* Compile Kotlin Framework */ = {
			isa = PBXShellScriptBuildPhase;
			buildActionMask = 2147483647;
			files = (
			);
			inputPaths = (
			);
			name = "Compile Kotlin Framework";
			outputPaths = (
			);
			runOnlyForDeploymentPostprocessing = 0;
			shellPath = /bin/sh;
			shellScript = "set -e\n# The Gradle root is $SRCROOT/..; this fixture borrows the repository's wrapper (../../gradlew).\n# A consumer with its own wrapper writes ./gradlew.\ncd \"$SRCROOT/..\"\n../../gradlew :app:embedAndSignAppleFrameworkForXcode\n";
		};
		C0F1000000000000000000C4 /* Install Python Standard Library and Payload */ = {
			isa = PBXShellScriptBuildPhase;
			buildActionMask = 2147483647;
			files = (
			);
			inputPaths = (
			);
			name = "Install Python Standard Library and Payload";
			outputPaths = (
			);
			runOnlyForDeploymentPostprocessing = 0;
			shellPath = /bin/sh;
			shellScript = "set -e\n# Issue #90: the script and the staging task both come from the bindings plugin.\ncd \"$SRCROOT/..\"\nexport GRADLEW=../../gradlew\n\"$GRADLEW\" -q :app:writeIosInstallPythonScript\nexport PYTHON_PAYLOAD_DIR=\"$SRCROOT/../app/python\"\n/bin/bash app/build/python-multiplatform/xcode/install-python.sh\n";
		};
/* End PBXShellScriptBuildPhase section */

/* Begin PBXSourcesBuildPhase section */
		C0F1000000000000000000C2 /* Sources */ = {
			isa = PBXSourcesBuildPhase;
			buildActionMask = 2147483647;
			files = (
				C0F1000000000000000000A1 /* FixtureApp.swift in Sources */,
			);
			runOnlyForDeploymentPostprocessing = 0;
		};
/* End PBXSourcesBuildPhase section */

/* Begin XCBuildConfiguration section */
		C0F1000000000000000000F3 /* Debug */ = {
			isa = XCBuildConfiguration;
			buildSettings = {
				ALWAYS_SEARCH_USER_PATHS = NO;
				CLANG_ENABLE_MODULES = YES;
				CLANG_ENABLE_OBJC_ARC = YES;
				DEBUG_INFORMATION_FORMAT = dwarf;
				ENABLE_TESTABILITY = YES;
				ENABLE_USER_SCRIPT_SANDBOXING = NO;
				GCC_OPTIMIZATION_LEVEL = 0;
				IPHONEOS_DEPLOYMENT_TARGET = 15.3;
				ONLY_ACTIVE_ARCH = YES;
				SDKROOT = iphoneos;
				SWIFT_ACTIVE_COMPILATION_CONDITIONS = DEBUG;
				SWIFT_OPTIMIZATION_LEVEL = "-Onone";
			};
			name = Debug;
		};
		C0F1000000000000000000F4 /* Release */ = {
			isa = XCBuildConfiguration;
			buildSettings = {
				ALWAYS_SEARCH_USER_PATHS = NO;
				CLANG_ENABLE_MODULES = YES;
				CLANG_ENABLE_OBJC_ARC = YES;
				DEBUG_INFORMATION_FORMAT = "dwarf-with-dsym";
				ENABLE_USER_SCRIPT_SANDBOXING = NO;
				IPHONEOS_DEPLOYMENT_TARGET = 15.3;
				SDKROOT = iphoneos;
				SWIFT_COMPILATION_MODE = wholemodule;
				SWIFT_OPTIMIZATION_LEVEL = "-O";
				VALIDATE_PRODUCT = YES;
			};
			name = Release;
		};
		C0F1000000000000000000F5 /* Debug */ = {
			isa = XCBuildConfiguration;
			buildSettings = {
				CODE_SIGN_STYLE = Automatic;
				FRAMEWORK_SEARCH_PATHS = (
					"$(inherited)",
					"$(SRCROOT)/../app/build/xcode-frameworks/$(CONFIGURATION)/$(SDK_NAME)",
				);
				INFOPLIST_FILE = iosApp/Info.plist;
				LD_RUNPATH_SEARCH_PATHS = (
					"$(inherited)",
					"@executable_path/Frameworks",
				);
				OTHER_LDFLAGS = (
					"$(inherited)",
					"-framework",
					ConsumerApp,
				);
				PRODUCT_BUNDLE_IDENTIFIER = io.github.thisisthepy.consumerfixture;
				PRODUCT_NAME = ConsumerFixture;
				SWIFT_VERSION = 5.0;
				TARGETED_DEVICE_FAMILY = "1,2";
			};
			name = Debug;
		};
		C0F1000000000000000000F6 /* Release */ = {
			isa = XCBuildConfiguration;
			buildSettings = {
				CODE_SIGN_STYLE = Automatic;
				FRAMEWORK_SEARCH_PATHS = (
					"$(inherited)",
					"$(SRCROOT)/../app/build/xcode-frameworks/$(CONFIGURATION)/$(SDK_NAME)",
				);
				INFOPLIST_FILE = iosApp/Info.plist;
				LD_RUNPATH_SEARCH_PATHS = (
					"$(inherited)",
					"@executable_path/Frameworks",
				);
				OTHER_LDFLAGS = (
					"$(inherited)",
					"-framework",
					ConsumerApp,
				);
				PRODUCT_BUNDLE_IDENTIFIER = io.github.thisisthepy.consumerfixture;
				PRODUCT_NAME = ConsumerFixture;
				SWIFT_VERSION = 5.0;
				TARGETED_DEVICE_FAMILY = "1,2";
			};
			name = Release;
		};
/* End XCBuildConfiguration section */

/* Begin XCConfigurationList section */
		C0F1000000000000000000F1 /* Build configuration list for PBXProject "iosApp" */ = {
			isa = XCConfigurationList;
			buildConfigurations = (
				C0F1000000000000000000F3 /* Debug */,
				C0F1000000000000000000F4 /* Release */,
			);
			defaultConfigurationIsVisible = 0;
			defaultConfigurationName = Release;
		};
		C0F1000000000000000000F2 /* Build configuration list for PBXNativeTarget "iosApp" */ = {
			isa = XCConfigurationList;
			buildConfigurations = (
				C0F1000000000000000000F5 /* Debug */,
				C0F1000000000000000000F6 /* Release */,
			);
			defaultConfigurationIsVisible = 0;
			defaultConfigurationName = Release;
		};
/* End XCConfigurationList section */
	};
	rootObject = C0F1000000000000000000E1 /* Project object */;
}
