{
  "name": "tools",
  "version": "1.0.0",
  "lockfileVersion": 3,
  "requires": true,
  "packages": {
    "": {
      "name": "tools",
      "version": "1.0.0",
      "license": "ISC",
      "dependencies": {
        "hermes-engine-cli": "^0.12.0"
      }
    },
    "node_modules/hermes-engine-cli": {
      "version": "0.12.0",
      "resolved": "https://registry.npmjs.org/hermes-engine-cli/-/hermes-engine-cli-0.12.0.tgz",
      "integrity": "sha512-72a5yvwSC2qWtxJ80nlcoCCfNTkpYI8VVAfOro4FL9O105NM8Vpigz/A5Nq1rECKdP7M1N81HHiYL6jU5N1gYw==",
      "deprecated": "Package no longer supported. Contact Support at https://www.npmjs.com/support for more info.",
      "license": "MIT"
    }
  }
}
